{
    "_readme": [
        "This file locks the dependencies of your project to a known state",
        "Read more about it at https://getcomposer.org/doc/01-basic-usage.md#composer-lock-the-lock-file",
        "This file is @generated automatically"
    ],
    "content-hash": "e56d708e6ce5a9cc18f26c9327f5f453",
    "packages": [
        {
            "name": "conekta/conekta-php",
            "version": "dev-master",
            "source": {
                "type": "git",
                "url": "https://github.com/conekta/conekta-php.git",
                "reference": "d1a13817a2248b1d6f47fb14c89f610da9d59f59"
            },
            "dist": {
                "type": "zip",
                "url": "https://api.github.com/repos/conekta/conekta-php/zipball/d1a13817a2248b1d6f47fb14c89f610da9d59f59",
                "reference": "d1a13817a2248b1d6f47fb14c89f610da9d59f59",
                "shasum": ""
            },
            "require": {
                "ext-curl": "*",
                "ext-json": "*",
                "ext-mbstring": "*",
                "php": ">=5.3"
            },
            "require-dev": {
                "simpletest/simpletest": "*"
            },
            "type": "library",
            "autoload": {
                "classmap": [
                    "lib/Conekta/"
                ]
            },
            "notification-url": "https://packagist.org/downloads/",
            "license": [
                "MIT"
            ],
            "authors": [
                {
                    "name": "Conekta  and contributors",
                    "homepage": "https://github.com/conekta/conekta-php/contributors"
                }
            ],
            "description": "Conekta PHP Library",
            "homepage": "https://www.conekta.io/",
            "keywords": [
                "api",
                "conekta",
                "payment processing"
            ],
            "time": "2016-11-16T23:58:49+00:00"
        }
    ],
    "packages-dev": [],
    "aliases": [],
    "minimum-stability": "stable",
    "stability-flags": {
        "conekta/conekta-php": 20
    },
    "prefer-stable": false,
    "prefer-lowest": false,
    "platform": [],
    "platform-dev": []
}
